
Microsoft Visual Studio Solution File, Format Version 12.00
# Visual Studio Version 17
VisualStudioVersion = 17.0.32014.148
MinimumVisualStudioVersion = 10.0.40219.1
Project("{FAE04EC0-301F-11D3-BF4B-00C04F79EFBC}") = "VTickets", "VTickets\VTickets.csproj", "{71E6F1DF-2255-4127-A311-A7FA5A09E4B6}"
EndProject
Global
	GlobalSection(SolutionConfigurationPlatforms) = preSolution
		Debug|Any CPU = Debug|Any CPU
		Release|Any CPU = Release|Any CPU
	EndGlobalSection
	GlobalSection(ProjectConfigurationPlatforms) = postSolution
		{71E6F1DF-2255-4127-A311-A7FA5A09E4B6}.Debug|Any CPU.ActiveCfg = Debug|Any CPU
		{71E6F1DF-2255-4127-A311-A7FA5A09E4B6}.Debug|Any CPU.Build.0 = Debug|Any CPU
		{71E6F1DF-2255-4127-A311-A7FA5A09E4B6}.Release|Any CPU.ActiveCfg = Release|Any CPU
		{71E6F1DF-2255-4127-A311-A7FA5A09E4B6}.Release|Any CPU.Build.0 = Release|Any CPU
	EndGlobalSection
	GlobalSection(SolutionProperties) = preSolution
		HideSolutionNode = FALSE
	EndGlobalSection
	GlobalSection(ExtensibilityGlobals) = postSolution
		SolutionGuid = {8F1C2943-FA56-41ED-9853-2CDB6C26A8F0}
	EndGlobalSection
EndGlobal
